# This file is automatically @generated by Cargo.
# It is not intended for manual editing.
version = 4

[[package]]
name = "tocat-abi"
version = "0.1.0"

[[package]]
name = "tocat-sdk"
version = "0.1.0"
dependencies = [
 "tocat-abi",
]

[[package]]
name = "toupper"
version = "0.1.0"
dependencies = [
 "tocat-sdk",
]
